{
  "version": 1,
  "dependencies": {
    "net7.0": {
      "Microsoft.Data.Sqlite": {
        "type": "Direct",
        "requested": "[6.0.4, )",
        "resolved": "6.0.4",
        "contentHash": "9jhBB4WYRXMIB9AwIRz4omdxNqZSFFj8ESilpH2hF9x+btVXzbrNCk/yK7Km4UQTr2QUoRlZrjFBmhecIwgCCQ==",
        "dependencies": {
          "Microsoft.Data.Sqlite.Core": "6.0.4",
          "SQLitePCLRaw.bundle_e_sqlite3": "2.0.6"
        }
      },
      "SixLabors.ImageSharp": {
        "type": "Direct",
        "requested": "[3.1.12, )",
        "resolved": "3.1.12",
        "contentHash": "iAg6zifihXEFS/t7fiHhZBGAdCp3FavsF4i2ZIDp0JfeYeDVzvmlbY1CNhhIKimaIzrzSi5M/NBFcWvZT2rB/A=="
      },
      "Microsoft.Data.Sqlite.Core": {
        "type": "Transitive",
        "resolved": "6.0.4",
        "contentHash": "3TZX7R2aX1TX5m4A5Kj+SY633NJDeHDP6JiDRCwUnJGKC3IrHgnO8p+oT2hRZpN168qx4Ixe4T9C+xZdZc26gw==",
        "dependencies": {
          "SQLitePCLRaw.core": "2.0.6"
        }
      },
      "SQLitePCLRaw.bundle_e_sqlite3": {
        "type": "Transitive",
        "resolved": "2.0.6",
        "contentHash": "zssYqiaucyGArZfg74rJuzK0ewgZiidsRVrZTmP7JLNvK806gXg6PGA46XzoJGpNPPA5uRcumwvVp6YTYxtQ5w==",
        "dependencies": {
          "SQLitePCLRaw.core": "2.0.6",
          "SQLitePCLRaw.lib.e_sqlite3": "2.0.6",
          "SQLitePCLRaw.provider.e_sqlite3": "2.0.6"
        }
      },
      "SQLitePCLRaw.core": {
        "type": "Transitive",
        "resolved": "2.0.6",
        "contentHash": "Vh8n0dTvwXkCGur2WqQTITvk4BUO8i8h9ucSx3wwuaej3s2S6ZC0R7vqCTf9TfS/I4QkXO6g3W2YQIRFkOcijA==",
        "dependencies": {
          "System.Memory": "4.5.3"
        }
      },
      "SQLitePCLRaw.lib.e_sqlite3": {
        "type": "Transitive",
        "resolved": "2.0.6",
        "contentHash": "xlstskMKalKQl0H2uLNe0viBM6fvAGLWqKZUQ3twX5y1tSOZKe0+EbXopQKYdbjJytNGI6y5WSKjpI+kVr2Ckg=="
      },
      "SQLitePCLRaw.provider.e_sqlite3": {
        "type": "Transitive",
        "resolved": "2.0.6",
        "contentHash": "peXLJbhU+0clVBIPirihM1NoTBqw8ouBpcUsVMlcZ4k6fcL2hwgkctVB2Nt5VsbnOJcPspQL5xQK7QvLpxkMgg==",
        "dependencies": {
          "SQLitePCLRaw.core": "2.0.6"
        }
      },
      "System.Memory": {
        "type": "Transitive",
        "resolved": "4.5.3",
        "contentHash": "3oDzvc/zzetpTKWMShs1AADwZjQ/36HnsufHRPcOjyRAAMLDlu2iD33MBI2opxnezcVUtXyqDXXjoFMOU9c7SA=="
      }
    }
  }
}